// !$*UTF8*$!
{
	archiveVersion = 1;
	classes = {
	};
	objectVersion = 46;
	objects = {

/* Begin PBXBuildFile section */
		606794611C59FF2C00872C02 /* allStations.json in Resources */ = {isa = PBXBuildFile; fileRef = 6067945E1C59FF2C00872C02 /* allStations.json */; };
		606794621C59FF2C00872C02 /* Assets.xcassets in Resources */ = {isa = PBXBuildFile; fileRef = 6067945F1C59FF2C00872C02 /* Assets.xcassets */; };
		606794681C59FF4E00872C02 /* Main.storyboard in Resources */ = {isa = PBXBuildFile; fileRef = 606794641C59FF4E00872C02 /* Main.storyboard */; };
		606794691C59FF4E00872C02 /* LaunchScreen.storyboard in Resources */ = {isa = PBXBuildFile; fileRef = 606794661C59FF4E00872C02 /* LaunchScreen.storyboard */; };
		6067946E1C59FF7A00872C02 /* TTRScheduleViewController.m in Sources */ = {isa = PBXBuildFile; fileRef = 6067946B1C59FF7A00872C02 /* TTRScheduleViewController.m */; };
		6067946F1C59FF7A00872C02 /* TTRTextField.m in Sources */ = {isa = PBXBuildFile; fileRef = 6067946D1C59FF7A00872C02 /* TTRTextField.m */; };
		606794721C59FF9000872C02 /* TTRStationsTableViewController.m in Sources */ = {isa = PBXBuildFile; fileRef = 606794711C59FF9000872C02 /* TTRStationsTableViewController.m */; };
		606794751C59FFA100872C02 /* TTRDateViewController.m in Sources */ = {isa = PBXBuildFile; fileRef = 606794741C59FFA100872C02 /* TTRDateViewController.m */; };
		606794781C59FFB600872C02 /* TTRStationDetailViewController.m in Sources */ = {isa = PBXBuildFile; fileRef = 606794771C59FFB600872C02 /* TTRStationDetailViewController.m */; };
		6067947F1C59FFD800872C02 /* TTRCity.m in Sources */ = {isa = PBXBuildFile; fileRef = 6067947B1C59FFD800872C02 /* TTRCity.m */; };
		606794801C59FFD800872C02 /* TTRStation.m in Sources */ = {isa = PBXBuildFile; fileRef = 6067947E1C59FFD800872C02 /* TTRStation.m */; };
		606794831C59FFE700872C02 /* TTRStationFetcher.m in Sources */ = {isa = PBXBuildFile; fileRef = 606794821C59FFE700872C02 /* TTRStationFetcher.m */; };
		606794871C59FFF600872C02 /* main.m in Sources */ = {isa = PBXBuildFile; fileRef = 606794841C59FFF600872C02 /* main.m */; };
		606794881C59FFF600872C02 /* TTRAppDelegate.m in Sources */ = {isa = PBXBuildFile; fileRef = 606794861C59FFF600872C02 /* TTRAppDelegate.m */; };
		6067948A1C5A0E5000872C02 /* TTRCityTests.m in Sources */ = {isa = PBXBuildFile; fileRef = 606794891C5A0E5000872C02 /* TTRCityTests.m */; };
		6067948F1C5A0E9800872C02 /* TTRStationTests.m in Sources */ = {isa = PBXBuildFile; fileRef = 6067948E1C5A0E9800872C02 /* TTRStationTests.m */; };
		606794911C5A0EE500872C02 /* TTRStationFetcherTests.m in Sources */ = {isa = PBXBuildFile; fileRef = 606794901C5A0EE500872C02 /* TTRStationFetcherTests.m */; };
		606794931C5A137900872C02 /* badData.json in Resources */ = {isa = PBXBuildFile; fileRef = 606794921C5A137900872C02 /* badData.json */; };
		606794951C5A187000872C02 /* simpleData.json in Resources */ = {isa = PBXBuildFile; fileRef = 606794941C5A187000872C02 /* simpleData.json */; };
		606794961C5A1CA300872C02 /* badData.json in Resources */ = {isa = PBXBuildFile; fileRef = 606794921C5A137900872C02 /* badData.json */; };
		606794971C5A1CA300872C02 /* simpleData.json in Resources */ = {isa = PBXBuildFile; fileRef = 606794941C5A187000872C02 /* simpleData.json */; };
/* End PBXBuildFile section */

/* Begin PBXContainerItemProxy section */
		608190321C563386009F7931 /* PBXContainerItemProxy */ = {
			isa = PBXContainerItemProxy;
			containerPortal = 608190101C563386009F7931 /* Project object */;
			proxyType = 1;
			remoteGlobalIDString = 608190171C563386009F7931;
			remoteInfo = Stations;
		};
/* End PBXContainerItemProxy section */

/* Begin PBXFileReference section */
		6067945C1C59FF1700872C02 /* Info.plist */ = {isa = PBXFileReference; fileEncoding = 4; lastKnownFileType = text.plist.xml; name = Info.plist; path = InfoPlists/Info.plist; sourceTree = "<group>"; };
		6067945E1C59FF2C00872C02 /* allStations.json */ = {isa = PBXFileReference; fileEncoding = 4; lastKnownFileType = text.json; name = allStations.json; path = Resources/allStations.json; sourceTree = "<group>"; };
		6067945F1C59FF2C00872C02 /* Assets.xcassets */ = {isa = PBXFileReference; lastKnownFileType = folder.assetcatalog; name = Assets.xcassets; path = Resources/Assets.xcassets; sourceTree = "<group>"; };
		606794651C59FF4E00872C02 /* Base */ = {isa = PBXFileReference; lastKnownFileType = file.storyboard; name = Base; path = Resources/Base.lproj/Main.storyboard; sourceTree = "<group>"; };
		606794671C59FF4E00872C02 /* Base */ = {isa = PBXFileReference; lastKnownFileType = file.storyboard; name = Base; path = Resources/Base.lproj/LaunchScreen.storyboard; sourceTree = "<group>"; };
		6067946A1C59FF7A00872C02 /* TTRScheduleViewController.h */ = {isa = PBXFileReference; fileEncoding = 4; lastKnownFileType = sourcecode.c.h; name = TTRScheduleViewController.h; path = Sources/Application/Pages/SchedulePage/TTRScheduleViewController.h; sourceTree = "<group>"; };
		6067946B1C59FF7A00872C02 /* TTRScheduleViewController.m */ = {isa = PBXFileReference; fileEncoding = 4; lastKnownFileType = sourcecode.c.objc; name = TTRScheduleViewController.m; path = Sources/Application/Pages/SchedulePage/TTRScheduleViewController.m; sourceTree = "<group>"; };
		6067946C1C59FF7A00872C02 /* TTRTextField.h */ = {isa = PBXFileReference; fileEncoding = 4; lastKnownFileType = sourcecode.c.h; name = TTRTextField.h; path = Sources/Application/Pages/SchedulePage/TTRTextField.h; sourceTree = "<group>"; };
		6067946D1C59FF7A00872C02 /* TTRTextField.m */ = {isa = PBXFileReference; fileEncoding = 4; lastKnownFileType = sourcecode.c.objc; name = TTRTextField.m; path = Sources/Application/Pages/SchedulePage/TTRTextField.m; sourceTree = "<group>"; };
		606794701C59FF9000872C02 /* TTRStationsTableViewController.h */ = {isa = PBXFileReference; fileEncoding = 4; lastKnownFileType = sourcecode.c.h; name = TTRStationsTableViewController.h; path = Sources/Application/Pages/StationsPage/TTRStationsTableViewController.h; sourceTree = "<group>"; };
		606794711C59FF9000872C02 /* TTRStationsTableViewController.m */ = {isa = PBXFileReference; fileEncoding = 4; lastKnownFileType = sourcecode.c.objc; name = TTRStationsTableViewController.m; path = Sources/Application/Pages/StationsPage/TTRStationsTableViewController.m; sourceTree = "<group>"; };
		606794731C59FFA100872C02 /* TTRDateViewController.h */ = {isa = PBXFileReference; fileEncoding = 4; lastKnownFileType = sourcecode.c.h; name = TTRDateViewController.h; path = Sources/Application/Pages/DatePage/TTRDateViewController.h; sourceTree = "<group>"; };
		606794741C59FFA100872C02 /* TTRDateViewController.m */ = {isa = PBXFileReference; fileEncoding = 4; lastKnownFileType = sourcecode.c.objc; name = TTRDateViewController.m; path = Sources/Application/Pages/DatePage/TTRDateViewController.m; sourceTree = "<group>"; };
		606794761C59FFB600872C02 /* TTRStationDetailViewController.h */ = {isa = PBXFileReference; fileEncoding = 4; lastKnownFileType = sourcecode.c.h; name = TTRStationDetailViewController.h; path = Sources/Application/Pages/StationDetailPage/TTRStationDetailViewController.h; sourceTree = "<group>"; };
		606794771C59FFB600872C02 /* TTRStationDetailViewController.m */ = {isa = PBXFileReference; fileEncoding = 4; lastKnownFileType = sourcecode.c.objc; name = TTRStationDetailViewController.m; path = Sources/Application/Pages/StationDetailPage/TTRStationDetailViewController.m; sourceTree = "<group>"; };
		606794791C59FFC400872C02 /* TTRConstants.h */ = {isa = PBXFileReference; fileEncoding = 4; lastKnownFileType = sourcecode.c.h; name = TTRConstants.h; path = Sources/Utilities/TTRConstants.h; sourceTree = "<group>"; };
		6067947A1C59FFD800872C02 /* TTRCity.h */ = {isa = PBXFileReference; fileEncoding = 4; lastKnownFileType = sourcecode.c.h; name = TTRCity.h; path = Sources/Domain/Entities/TTRCity.h; sourceTree = "<group>"; };
		6067947B1C59FFD800872C02 /* TTRCity.m */ = {isa = PBXFileReference; fileEncoding = 4; lastKnownFileType = sourcecode.c.objc; name = TTRCity.m; path = Sources/Domain/Entities/TTRCity.m; sourceTree = "<group>"; };
		6067947C1C59FFD800872C02 /* TTRPoint.h */ = {isa = PBXFileReference; fileEncoding = 4; lastKnownFileType = sourcecode.c.h; name = TTRPoint.h; path = Sources/Domain/Entities/TTRPoint.h; sourceTree = "<group>"; };
		6067947D1C59FFD800872C02 /* TTRStation.h */ = {isa = PBXFileReference; fileEncoding = 4; lastKnownFileType = sourcecode.c.h; name = TTRStation.h; path = Sources/Domain/Entities/TTRStation.h; sourceTree = "<group>"; };
		6067947E1C59FFD800872C02 /* TTRStation.m */ = {isa = PBXFileReference; fileEncoding = 4; lastKnownFileType = sourcecode.c.objc; name = TTRStation.m; path = Sources/Domain/Entities/TTRStation.m; sourceTree = "<group>"; };
		606794811C59FFE700872C02 /* TTRStationFetcher.h */ = {isa = PBXFileReference; fileEncoding = 4; lastKnownFileType = sourcecode.c.h; name = TTRStationFetcher.h; path = Sources/Domain/Services/TTRStationFetcher.h; sourceTree = "<group>"; };
		606794821C59FFE700872C02 /* TTRStationFetcher.m */ = {isa = PBXFileReference; fileEncoding = 4; lastKnownFileType = sourcecode.c.objc; name = TTRStationFetcher.m; path = Sources/Domain/Services/TTRStationFetcher.m; sourceTree = "<group>"; };
		606794841C59FFF600872C02 /* main.m */ = {isa = PBXFileReference; fileEncoding = 4; lastKnownFileType = sourcecode.c.objc; name = main.m; path = Sources/main.m; sourceTree = "<group>"; };
		606794851C59FFF600872C02 /* TTRAppDelegate.h */ = {isa = PBXFileReference; fileEncoding = 4; lastKnownFileType = sourcecode.c.h; name = TTRAppDelegate.h; path = Sources/TTRAppDelegate.h; sourceTree = "<group>"; };
		606794861C59FFF600872C02 /* TTRAppDelegate.m */ = {isa = PBXFileReference; fileEncoding = 4; lastKnownFileType = sourcecode.c.objc; name = TTRAppDelegate.m; path = Sources/TTRAppDelegate.m; sourceTree = "<group>"; };
		606794891C5A0E5000872C02 /* TTRCityTests.m */ = {isa = PBXFileReference; fileEncoding = 4; lastKnownFileType = sourcecode.c.objc; name = TTRCityTests.m; path = Domain/Entities/TTRCityTests.m; sourceTree = "<group>"; };
		6067948E1C5A0E9800872C02 /* TTRStationTests.m */ = {isa = PBXFileReference; fileEncoding = 4; lastKnownFileType = sourcecode.c.objc; name = TTRStationTests.m; path = Domain/Entities/TTRStationTests.m; sourceTree = "<group>"; };
		606794901C5A0EE500872C02 /* TTRStationFetcherTests.m */ = {isa = PBXFileReference; fileEncoding = 4; lastKnownFileType = sourcecode.c.objc; name = TTRStationFetcherTests.m; path = Domain/Services/TTRStationFetcherTests.m; sourceTree = "<group>"; };
		606794921C5A137900872C02 /* badData.json */ = {isa = PBXFileReference; fileEncoding = 4; lastKnownFileType = text.json; path = badData.json; sourceTree = "<group>"; };
		606794941C5A187000872C02 /* simpleData.json */ = {isa = PBXFileReference; fileEncoding = 4; lastKnownFileType = text.json; path = simpleData.json; sourceTree = "<group>"; };
		608190181C563386009F7931 /* Stations.app */ = {isa = PBXFileReference; explicitFileType = wrapper.application; includeInIndex = 0; path = Stations.app; sourceTree = BUILT_PRODUCTS_DIR; };
		608190311C563386009F7931 /* StationsTests.xctest */ = {isa = PBXFileReference; explicitFileType = wrapper.cfbundle; includeInIndex = 0; path = StationsTests.xctest; sourceTree = BUILT_PRODUCTS_DIR; };
		608190371C563386009F7931 /* Info.plist */ = {isa = PBXFileReference; lastKnownFileType = text.plist.xml; path = Info.plist; sourceTree = "<group>"; };
/* End PBXFileReference section */

/* Begin PBXFrameworksBuildPhase section */
		608190151C563386009F7931 /* Frameworks */ = {
			isa = PBXFrameworksBuildPhase;
			buildActionMask = 2147483647;
			files = (
			);
			runOnlyForDeploymentPostprocessing = 0;
		};
		6081902E1C563386009F7931 /* Frameworks */ = {
			isa = PBXFrameworksBuildPhase;
			buildActionMask = 2147483647;
			files = (
			);
			runOnlyForDeploymentPostprocessing = 0;
		};
/* End PBXFrameworksBuildPhase section */

/* Begin PBXGroup section */
		6067948B1C5A0E5500872C02 /* Domain */ = {
			isa = PBXGroup;
			children = (
				6067948C1C5A0E5D00872C02 /* Entities */,
				6067948D1C5A0E6200872C02 /* Services */,
			);
			name = Domain;
			sourceTree = "<group>";
		};
		6067948C1C5A0E5D00872C02 /* Entities */ = {
			isa = PBXGroup;
			children = (
				606794891C5A0E5000872C02 /* TTRCityTests.m */,
				6067948E1C5A0E9800872C02 /* TTRStationTests.m */,
			);
			name = Entities;
			sourceTree = "<group>";
		};
		6067948D1C5A0E6200872C02 /* Services */ = {
			isa = PBXGroup;
			children = (
				606794901C5A0EE500872C02 /* TTRStationFetcherTests.m */,
			);
			name = Services;
			sourceTree = "<group>";
		};
		6081900F1C563386009F7931 = {
			isa = PBXGroup;
			children = (
				6081901A1C563386009F7931 /* Stations */,
				608190341C563386009F7931 /* StationsTests */,
				608190191C563386009F7931 /* Products */,
			);
			sourceTree = "<group>";
		};
		608190191C563386009F7931 /* Products */ = {
			isa = PBXGroup;
			children = (
				608190181C563386009F7931 /* Stations.app */,
				608190311C563386009F7931 /* StationsTests.xctest */,
			);
			name = Products;
			sourceTree = "<group>";
		};
		6081901A1C563386009F7931 /* Stations */ = {
			isa = PBXGroup;
			children = (
				608190431C56A390009F7931 /* InfoPlists */,
				608190441C56A398009F7931 /* Resources */,
				608190451C56A49D009F7931 /* Sources */,
			);
			path = Stations;
			sourceTree = "<group>";
		};
		608190341C563386009F7931 /* StationsTests */ = {
			isa = PBXGroup;
			children = (
				6067948B1C5A0E5500872C02 /* Domain */,
				608190371C563386009F7931 /* Info.plist */,
				606794921C5A137900872C02 /* badData.json */,
				606794941C5A187000872C02 /* simpleData.json */,
			);
			path = StationsTests;
			sourceTree = "<group>";
		};
		608190431C56A390009F7931 /* InfoPlists */ = {
			isa = PBXGroup;
			children = (
				6067945C1C59FF1700872C02 /* Info.plist */,
			);
			name = InfoPlists;
			sourceTree = "<group>";
		};
		608190441C56A398009F7931 /* Resources */ = {
			isa = PBXGroup;
			children = (
				6067945E1C59FF2C00872C02 /* allStations.json */,
				6067945F1C59FF2C00872C02 /* Assets.xcassets */,
				606794661C59FF4E00872C02 /* LaunchScreen.storyboard */,
				606794641C59FF4E00872C02 /* Main.storyboard */,
			);
			name = Resources;
			sourceTree = "<group>";
		};
		608190451C56A49D009F7931 /* Sources */ = {
			isa = PBXGroup;
			children = (
				608190461C56A4C3009F7931 /* Application */,
				608190481C56A4E8009F7931 /* Domain */,
				606794851C59FFF600872C02 /* TTRAppDelegate.h */,
				606794861C59FFF600872C02 /* TTRAppDelegate.m */,
				606794841C59FFF600872C02 /* main.m */,
				608190691C58CE19009F7931 /* Utilities */,
			);
			name = Sources;
			sourceTree = "<group>";
		};
		608190461C56A4C3009F7931 /* Application */ = {
			isa = PBXGroup;
			children = (
				608190471C56A4E0009F7931 /* Pages */,
			);
			name = Application;
			sourceTree = "<group>";
		};
		608190471C56A4E0009F7931 /* Pages */ = {
			isa = PBXGroup;
			children = (
				6081904A1C56A551009F7931 /* SchedulePage */,
				608190521C56DE52009F7931 /* StationsPage */,
				6081906E1C58DC8B009F7931 /* DatePage */,
				608190721C59274B009F7931 /* StationDetailPage */,
			);
			name = Pages;
			sourceTree = "<group>";
		};
		608190481C56A4E8009F7931 /* Domain */ = {
			isa = PBXGroup;
			children = (
				608190491C56A4F7009F7931 /* Entities */,
				608190571C5780FB009F7931 /* Services */,
			);
			name = Domain;
			sourceTree = "<group>";
		};
		608190491C56A4F7009F7931 /* Entities */ = {
			isa = PBXGroup;
			children = (
				6067947A1C59FFD800872C02 /* TTRCity.h */,
				6067947B1C59FFD800872C02 /* TTRCity.m */,
				6067947C1C59FFD800872C02 /* TTRPoint.h */,
				6067947D1C59FFD800872C02 /* TTRStation.h */,
				6067947E1C59FFD800872C02 /* TTRStation.m */,
			);
			name = Entities;
			sourceTree = "<group>";
		};
		6081904A1C56A551009F7931 /* SchedulePage */ = {
			isa = PBXGroup;
			children = (
				6067946C1C59FF7A00872C02 /* TTRTextField.h */,
				6067946D1C59FF7A00872C02 /* TTRTextField.m */,
				6067946A1C59FF7A00872C02 /* TTRScheduleViewController.h */,
				6067946B1C59FF7A00872C02 /* TTRScheduleViewController.m */,
			);
			name = SchedulePage;
			sourceTree = "<group>";
		};
		608190521C56DE52009F7931 /* StationsPage */ = {
			isa = PBXGroup;
			children = (
				606794701C59FF9000872C02 /* TTRStationsTableViewController.h */,
				606794711C59FF9000872C02 /* TTRStationsTableViewController.m */,
			);
			name = StationsPage;
			sourceTree = "<group>";
		};
		608190571C5780FB009F7931 /* Services */ = {
			isa = PBXGroup;
			children = (
				606794811C59FFE700872C02 /* TTRStationFetcher.h */,
				606794821C59FFE700872C02 /* TTRStationFetcher.m */,
			);
			name = Services;
			sourceTree = "<group>";
		};
		608190691C58CE19009F7931 /* Utilities */ = {
			isa = PBXGroup;
			children = (
				606794791C59FFC400872C02 /* TTRConstants.h */,
			);
			name = Utilities;
			sourceTree = "<group>";
		};
		6081906E1C58DC8B009F7931 /* DatePage */ = {
			isa = PBXGroup;
			children = (
				606794731C59FFA100872C02 /* TTRDateViewController.h */,
				606794741C59FFA100872C02 /* TTRDateViewController.m */,
			);
			name = DatePage;
			sourceTree = "<group>";
		};
		608190721C59274B009F7931 /* StationDetailPage */ = {
			isa = PBXGroup;
			children = (
				606794761C59FFB600872C02 /* TTRStationDetailViewController.h */,
				606794771C59FFB600872C02 /* TTRStationDetailViewController.m */,
			);
			name = StationDetailPage;
			sourceTree = "<group>";
		};
/* End PBXGroup section */

/* Begin PBXNativeTarget section */
		608190171C563386009F7931 /* Stations */ = {
			isa = PBXNativeTarget;
			buildConfigurationList = 6081903A1C563386009F7931 /* Build configuration list for PBXNativeTarget "Stations" */;
			buildPhases = (
				608190141C563386009F7931 /* Sources */,
				608190151C563386009F7931 /* Frameworks */,
				608190161C563386009F7931 /* Resources */,
			);
			buildRules = (
			);
			dependencies = (
			);
			name = Stations;
			productName = Stations;
			productReference = 608190181C563386009F7931 /* Stations.app */;
			productType = "com.apple.product-type.application";
		};
		608190301C563386009F7931 /* StationsTests */ = {
			isa = PBXNativeTarget;
			buildConfigurationList = 6081903D1C563386009F7931 /* Build configuration list for PBXNativeTarget "StationsTests" */;
			buildPhases = (
				6081902D1C563386009F7931 /* Sources */,
				6081902E1C563386009F7931 /* Frameworks */,
				6081902F1C563386009F7931 /* Resources */,
			);
			buildRules = (
			);
			dependencies = (
				608190331C563386009F7931 /* PBXTargetDependency */,
			);
			name = StationsTests;
			productName = StationsTests;
			productReference = 608190311C563386009F7931 /* StationsTests.xctest */;
			productType = "com.apple.product-type.bundle.unit-test";
		};
/* End PBXNativeTarget section */

/* Begin PBXProject section */
		608190101C563386009F7931 /* Project object */ = {
			isa = PBXProject;
			attributes = {
				CLASSPREFIX = TTR;
				LastUpgradeCheck = 0720;
				ORGANIZATIONNAME = "Nikolay Evstigneev";
				TargetAttributes = {
					608190171C563386009F7931 = {
						CreatedOnToolsVersion = 7.2;
					};
					608190301C563386009F7931 = {
						CreatedOnToolsVersion = 7.2;
						TestTargetID = 608190171C563386009F7931;
					};
				};
			};
			buildConfigurationList = 608190131C563386009F7931 /* Build configuration list for PBXProject "Stations" */;
			compatibilityVersion = "Xcode 3.2";
			developmentRegion = English;
			hasScannedForEncodings = 0;
			knownRegions = (
				en,
				Base,
			);
			mainGroup = 6081900F1C563386009F7931;
			productRefGroup = 608190191C563386009F7931 /* Products */;
			projectDirPath = "";
			projectRoot = "";
			targets = (
				608190171C563386009F7931 /* Stations */,
				608190301C563386009F7931 /* StationsTests */,
			);
		};
/* End PBXProject section */

/* Begin PBXResourcesBuildPhase section */
		608190161C563386009F7931 /* Resources */ = {
			isa = PBXResourcesBuildPhase;
			buildActionMask = 2147483647;
			files = (
				606794961C5A1CA300872C02 /* badData.json in Resources */,
				606794971C5A1CA300872C02 /* simpleData.json in Resources */,
				606794611C59FF2C00872C02 /* allStations.json in Resources */,
				606794621C59FF2C00872C02 /* Assets.xcassets in Resources */,
				606794691C59FF4E00872C02 /* LaunchScreen.storyboard in Resources */,
				606794681C59FF4E00872C02 /* Main.storyboard in Resources */,
			);
			runOnlyForDeploymentPostprocessing = 0;
		};
		6081902F1C563386009F7931 /* Resources */ = {
			isa = PBXResourcesBuildPhase;
			buildActionMask = 2147483647;
			files = (
				606794931C5A137900872C02 /* badData.json in Resources */,
				606794951C5A187000872C02 /* simpleData.json in Resources */,
			);
			runOnlyForDeploymentPostprocessing = 0;
		};
/* End PBXResourcesBuildPhase section */

/* Begin PBXSourcesBuildPhase section */
		608190141C563386009F7931 /* Sources */ = {
			isa = PBXSourcesBuildPhase;
			buildActionMask = 2147483647;
			files = (
				6067946F1C59FF7A00872C02 /* TTRTextField.m in Sources */,
				6067946E1C59FF7A00872C02 /* TTRScheduleViewController.m in Sources */,
				606794781C59FFB600872C02 /* TTRStationDetailViewController.m in Sources */,
				606794831C59FFE700872C02 /* TTRStationFetcher.m in Sources */,
				6067947F1C59FFD800872C02 /* TTRCity.m in Sources */,
				606794881C59FFF600872C02 /* TTRAppDelegate.m in Sources */,
				606794721C59FF9000872C02 /* TTRStationsTableViewController.m in Sources */,
				606794751C59FFA100872C02 /* TTRDateViewController.m in Sources */,
				606794871C59FFF600872C02 /* main.m in Sources */,
				606794801C59FFD800872C02 /* TTRStation.m in Sources */,
			);
			runOnlyForDeploymentPostprocessing = 0;
		};
		6081902D1C563386009F7931 /* Sources */ = {
			isa = PBXSourcesBuildPhase;
			buildActionMask = 2147483647;
			files = (
				6067948F1C5A0E9800872C02 /* TTRStationTests.m in Sources */,
				6067948A1C5A0E5000872C02 /* TTRCityTests.m in Sources */,
				606794911C5A0EE500872C02 /* TTRStationFetcherTests.m in Sources */,
			);
			runOnlyForDeploymentPostprocessing = 0;
		};
/* End PBXSourcesBuildPhase section */

/* Begin PBXTargetDependency section */
		608190331C563386009F7931 /* PBXTargetDependency */ = {
			isa = PBXTargetDependency;
			target = 608190171C563386009F7931 /* Stations */;
			targetProxy = 608190321C563386009F7931 /* PBXContainerItemProxy */;
		};
/* End PBXTargetDependency section */

/* Begin PBXVariantGroup section */
		606794641C59FF4E00872C02 /* Main.storyboard */ = {
			isa = PBXVariantGroup;
			children = (
				606794651C59FF4E00872C02 /* Base */,
			);
			name = Main.storyboard;
			sourceTree = "<group>";
		};
		606794661C59FF4E00872C02 /* LaunchScreen.storyboard */ = {
			isa = PBXVariantGroup;
			children = (
				606794671C59FF4E00872C02 /* Base */,
			);
			name = LaunchScreen.storyboard;
			sourceTree = "<group>";
		};
/* End PBXVariantGroup section */

/* Begin XCBuildConfiguration section */
		608190381C563386009F7931 /* Debug */ = {
			isa = XCBuildConfiguration;
			buildSettings = {
				ALWAYS_SEARCH_USER_PATHS = NO;
				CLANG_CXX_LANGUAGE_STANDARD = "gnu++0x";
				CLANG_CXX_LIBRARY = "libc++";
				CLANG_ENABLE_MODULES = YES;
				CLANG_ENABLE_OBJC_ARC = YES;
				CLANG_WARN_BOOL_CONVERSION = YES;
				CLANG_WARN_CONSTANT_CONVERSION = YES;
				CLANG_WARN_DIRECT_OBJC_ISA_USAGE = YES_ERROR;
				CLANG_WARN_EMPTY_BODY = YES;
				CLANG_WARN_ENUM_CONVERSION = YES;
				CLANG_WARN_INT_CONVERSION = YES;
				CLANG_WARN_OBJC_ROOT_CLASS = YES_ERROR;
				CLANG_WARN_UNREACHABLE_CODE = YES;
				CLANG_WARN__DUPLICATE_METHOD_MATCH = YES;
				"CODE_SIGN_IDENTITY[sdk=iphoneos*]" = "iPhone Developer";
				COPY_PHASE_STRIP = NO;
				DEBUG_INFORMATION_FORMAT = dwarf;
				ENABLE_STRICT_OBJC_MSGSEND = YES;
				ENABLE_TESTABILITY = YES;
				GCC_C_LANGUAGE_STANDARD = gnu99;
				GCC_DYNAMIC_NO_PIC = NO;
				GCC_NO_COMMON_BLOCKS = YES;
				GCC_OPTIMIZATION_LEVEL = 0;
				GCC_PREPROCESSOR_DEFINITIONS = (
					"DEBUG=1",
					"$(inherited)",
				);
				GCC_WARN_64_TO_32_BIT_CONVERSION = YES;
				GCC_WARN_ABOUT_RETURN_TYPE = YES_ERROR;
				GCC_WARN_UNDECLARED_SELECTOR = YES;
				GCC_WARN_UNINITIALIZED_AUTOS = YES_AGGRESSIVE;
				GCC_WARN_UNUSED_FUNCTION = YES;
				GCC_WARN_UNUSED_VARIABLE = YES;
				IPHONEOS_DEPLOYMENT_TARGET = 9.2;
				MTL_ENABLE_DEBUG_INFO = YES;
				ONLY_ACTIVE_ARCH = YES;
				SDKROOT = iphoneos;
				TARGETED_DEVICE_FAMILY = "1,2";
			};
			name = Debug;
		};
		608190391C563386009F7931 /* Release */ = {
			isa = XCBuildConfiguration;
			buildSettings = {
				ALWAYS_SEARCH_USER_PATHS = NO;
				CLANG_CXX_LANGUAGE_STANDARD = "gnu++0x";
				CLANG_CXX_LIBRARY = "libc++";
				CLANG_ENABLE_MODULES = YES;
				CLANG_ENABLE_OBJC_ARC = YES;
				CLANG_WARN_BOOL_CONVERSION = YES;
				CLANG_WARN_CONSTANT_CONVERSION = YES;
				CLANG_WARN_DIRECT_OBJC_ISA_USAGE = YES_ERROR;
				CLANG_WARN_EMPTY_BODY = YES;
				CLANG_WARN_ENUM_CONVERSION = YES;
				CLANG_WARN_INT_CONVERSION = YES;
				CLANG_WARN_OBJC_ROOT_CLASS = YES_ERROR;
				CLANG_WARN_UNREACHABLE_CODE = YES;
				CLANG_WARN__DUPLICATE_METHOD_MATCH = YES;
				"CODE_SIGN_IDENTITY[sdk=iphoneos*]" = "iPhone Developer";
				COPY_PHASE_STRIP = NO;
				DEBUG_INFORMATION_FORMAT = "dwarf-with-dsym";
				ENABLE_NS_ASSERTIONS = NO;
				ENABLE_STRICT_OBJC_MSGSEND = YES;
				GCC_C_LANGUAGE_STANDARD = gnu99;
				GCC_NO_COMMON_BLOCKS = YES;
				GCC_WARN_64_TO_32_BIT_CONVERSION = YES;
				GCC_WARN_ABOUT_RETURN_TYPE = YES_ERROR;
				GCC_WARN_UNDECLARED_SELECTOR = YES;
				GCC_WARN_UNINITIALIZED_AUTOS = YES_AGGRESSIVE;
				GCC_WARN_UNUSED_FUNCTION = YES;
				GCC_WARN_UNUSED_VARIABLE = YES;
				IPHONEOS_DEPLOYMENT_TARGET = 9.2;
				MTL_ENABLE_DEBUG_INFO = NO;
				SDKROOT = iphoneos;
				TARGETED_DEVICE_FAMILY = "1,2";
				VALIDATE_PRODUCT = YES;
			};
			name = Release;
		};
		6081903B1C563386009F7931 /* Debug */ = {
			isa = XCBuildConfiguration;
			buildSettings = {
				ASSETCATALOG_COMPILER_APPICON_NAME = AppIcon;
				INFOPLIST_FILE = "$(SRCROOT)/Stations/InfoPlists/Info.plist";
				IPHONEOS_DEPLOYMENT_TARGET = 8.0;
				LD_RUNPATH_SEARCH_PATHS = "$(inherited) @executable_path/Frameworks";
				PRODUCT_BUNDLE_IDENTIFIER = com.topside.Stations;
				PRODUCT_NAME = "$(TARGET_NAME)";
			};
			name = Debug;
		};
		6081903C1C563386009F7931 /* Release */ = {
			isa = XCBuildConfiguration;
			buildSettings = {
				ASSETCATALOG_COMPILER_APPICON_NAME = AppIcon;
				INFOPLIST_FILE = "$(SRCROOT)/Stations/InfoPlists/Info.plist";
				IPHONEOS_DEPLOYMENT_TARGET = 8.0;
				LD_RUNPATH_SEARCH_PATHS = "$(inherited) @executable_path/Frameworks";
				PRODUCT_BUNDLE_IDENTIFIER = com.topside.Stations;
				PRODUCT_NAME = "$(TARGET_NAME)";
			};
			name = Release;
		};
		6081903E1C563386009F7931 /* Debug */ = {
			isa = XCBuildConfiguration;
			buildSettings = {
				BUNDLE_LOADER = "$(TEST_HOST)";
				INFOPLIST_FILE = StationsTests/Info.plist;
				LD_RUNPATH_SEARCH_PATHS = "$(inherited) @executable_path/Frameworks @loader_path/Frameworks";
				PRODUCT_BUNDLE_IDENTIFIER = com.topside.StationsTests;
				PRODUCT_NAME = "$(TARGET_NAME)";
				TEST_HOST = "$(BUILT_PRODUCTS_DIR)/Stations.app/Stations";
			};
			name = Debug;
		};
		6081903F1C563386009F7931 /* Release */ = {
			isa = XCBuildConfiguration;
			buildSettings = {
				BUNDLE_LOADER = "$(TEST_HOST)";
				INFOPLIST_FILE = StationsTests/Info.plist;
				LD_RUNPATH_SEARCH_PATHS = "$(inherited) @executable_path/Frameworks @loader_path/Frameworks";
				PRODUCT_BUNDLE_IDENTIFIER = com.topside.StationsTests;
				PRODUCT_NAME = "$(TARGET_NAME)";
				TEST_HOST = "$(BUILT_PRODUCTS_DIR)/Stations.app/Stations";
			};
			name = Release;
		};
/* End XCBuildConfiguration section */

/* Begin XCConfigurationList section */
		608190131C563386009F7931 /* Build configuration list for PBXProject "Stations" */ = {
			isa = XCConfigurationList;
			buildConfigurations = (
				608190381C563386009F7931 /* Debug */,
				608190391C563386009F7931 /* Release */,
			);
			defaultConfigurationIsVisible = 0;
			defaultConfigurationName = Release;
		};
		6081903A1C563386009F7931 /* Build configuration list for PBXNativeTarget "Stations" */ = {
			isa = XCConfigurationList;
			buildConfigurations = (
				6081903B1C563386009F7931 /* Debug */,
				6081903C1C563386009F7931 /* Release */,
			);
			defaultConfigurationIsVisible = 0;
			defaultConfigurationName = Release;
		};
		6081903D1C563386009F7931 /* Build configuration list for PBXNativeTarget "StationsTests" */ = {
			isa = XCConfigurationList;
			buildConfigurations = (
				6081903E1C563386009F7931 /* Debug */,
				6081903F1C563386009F7931 /* Release */,
			);
			defaultConfigurationIsVisible = 0;
			defaultConfigurationName = Release;
		};
/* End XCConfigurationList section */
	};
	rootObject = 608190101C563386009F7931 /* Project object */;
}
